
Microsoft Visual Studio Solution File, Format Version 12.00
# Visual Studio Version 17
VisualStudioVersion = 17.14.37111.16 d17.14
MinimumVisualStudioVersion = 10.0.40219.1
Project("{FAE04EC0-301F-11D3-BF4B-00C04F79EFBC}") = "ChildProcessApp", "..\ChildProcessApp\ChildProcessApp.csproj", "{4E702ADE-F765-4B4A-8D5D-92335D898B74}"
EndProject
Project("{FAE04EC0-301F-11D3-BF4B-00C04F79EFBC}") = "ParentMAUIApp", "..\ParentMAUIApp\ParentMAUIApp.csproj", "{2ADF8F45-B90C-E0B2-892A-A06B6B7960E1}"
EndProject
Global
	GlobalSection(SolutionConfigurationPlatforms) = preSolution
		Debug|Any CPU = Debug|Any CPU
		Release|Any CPU = Release|Any CPU
	EndGlobalSection
	GlobalSection(ProjectConfigurationPlatforms) = postSolution
		{4E702ADE-F765-4B4A-8D5D-92335D898B74}.Debug|Any CPU.ActiveCfg = Debug|Any CPU
		{4E702ADE-F765-4B4A-8D5D-92335D898B74}.Debug|Any CPU.Build.0 = Debug|Any CPU
		{4E702ADE-F765-4B4A-8D5D-92335D898B74}.Release|Any CPU.ActiveCfg = Release|Any CPU
		{4E702ADE-F765-4B4A-8D5D-92335D898B74}.Release|Any CPU.Build.0 = Release|Any CPU
		{2ADF8F45-B90C-E0B2-892A-A06B6B7960E1}.Debug|Any CPU.ActiveCfg = Debug|Any CPU
		{2ADF8F45-B90C-E0B2-892A-A06B6B7960E1}.Debug|Any CPU.Build.0 = Debug|Any CPU
		{2ADF8F45-B90C-E0B2-892A-A06B6B7960E1}.Release|Any CPU.ActiveCfg = Release|Any CPU
		{2ADF8F45-B90C-E0B2-892A-A06B6B7960E1}.Release|Any CPU.Build.0 = Release|Any CPU
	EndGlobalSection
	GlobalSection(SolutionProperties) = preSolution
		HideSolutionNode = FALSE
	EndGlobalSection
	GlobalSection(ExtensibilityGlobals) = postSolution
		SolutionGuid = {CCB475AB-8926-4B34-9137-B50F902B11CE}
	EndGlobalSection
EndGlobal
