
Microsoft Visual Studio Solution File, Format Version 12.00
# Visual Studio Version 17
VisualStudioVersion = 17.14.37111.16
MinimumVisualStudioVersion = 10.0.40219.1
Project("{FAE04EC0-301F-11D3-BF4B-00C04F79EFBC}") = "ChildProcessApp", "ChildProcessApp.csproj", "{4E702ADE-F765-4B4A-8D5D-92335D898B74}"
EndProject
Project("{FAE04EC0-301F-11D3-BF4B-00C04F79EFBC}") = "ParentMAUIApp", "..\ParentMAUIApp\ParentMAUIApp.csproj", "{0ED1C5A5-7293-4D0C-B0D5-DC5C4182D211}"
EndProject
Global
	GlobalSection(SolutionConfigurationPlatforms) = preSolution
		Debug|Any CPU = Debug|Any CPU
		Release|Any CPU = Release|Any CPU
	EndGlobalSection
	GlobalSection(ProjectConfigurationPlatforms) = postSolution
		{4E702ADE-F765-4B4A-8D5D-92335D898B74}.Debug|Any CPU.ActiveCfg = Debug|Any CPU
		{4E702ADE-F765-4B4A-8D5D-92335D898B74}.Debug|Any CPU.Build.0 = Debug|Any CPU
		{4E702ADE-F765-4B4A-8D5D-92335D898B74}.Release|Any CPU.ActiveCfg = Release|Any CPU
		{4E702ADE-F765-4B4A-8D5D-92335D898B74}.Release|Any CPU.Build.0 = Release|Any CPU
		{0ED1C5A5-7293-4D0C-B0D5-DC5C4182D211}.Debug|Any CPU.ActiveCfg = Debug|Any CPU
		{0ED1C5A5-7293-4D0C-B0D5-DC5C4182D211}.Debug|Any CPU.Build.0 = Debug|Any CPU
		{0ED1C5A5-7293-4D0C-B0D5-DC5C4182D211}.Release|Any CPU.ActiveCfg = Release|Any CPU
		{0ED1C5A5-7293-4D0C-B0D5-DC5C4182D211}.Release|Any CPU.Build.0 = Release|Any CPU
	EndGlobalSection
	GlobalSection(SolutionProperties) = preSolution
		HideSolutionNode = FALSE
	EndGlobalSection
	GlobalSection(ExtensibilityGlobals) = postSolution
		SolutionGuid = {A3DDF485-DCBB-4870-90ED-6B91C48ADA8C}
	EndGlobalSection
EndGlobal
